
Microsoft Visual Studio Solution File, Format Version 12.00
# Visual Studio Version 16
VisualStudioVersion = 16.0.29613.14
MinimumVisualStudioVersion = 10.0.40219.1
Project("{FAE04EC0-301F-11D3-BF4B-00C04F79EFBC}") = "PizzaShop", "PizzaShop.csproj", "{F097B0EF-53AE-4AC7-8C73-4A353232B7EA}"
EndProject
Global
	GlobalSection(SolutionConfigurationPlatforms) = preSolution
		Debug|Any CPU = Debug|Any CPU
		Release|Any CPU = Release|Any CPU
	EndGlobalSection
	GlobalSection(ProjectConfigurationPlatforms) = postSolution
		{F097B0EF-53AE-4AC7-8C73-4A353232B7EA}.Debug|Any CPU.ActiveCfg = Debug|Any CPU
		{F097B0EF-53AE-4AC7-8C73-4A353232B7EA}.Debug|Any CPU.Build.0 = Debug|Any CPU
		{F097B0EF-53AE-4AC7-8C73-4A353232B7EA}.Release|Any CPU.ActiveCfg = Release|Any CPU
		{F097B0EF-53AE-4AC7-8C73-4A353232B7EA}.Release|Any CPU.Build.0 = Release|Any CPU
	EndGlobalSection
	GlobalSection(SolutionProperties) = preSolution
		HideSolutionNode = FALSE
	EndGlobalSection
	GlobalSection(ExtensibilityGlobals) = postSolution
		SolutionGuid = {69806D95-3AEE-4006-93C6-6842EF76DB9F}
	EndGlobalSection
EndGlobal
